// !$*UTF8*$!
{
	archiveVersion = 1;
	classes = {
	};
	objectVersion = 50;
	objects = {

/* Begin PBXBuildFile section */
		353A4F0922273613002E53BC /* AppDelegate.swift in Sources */ = {isa = PBXBuildFile; fileRef = 353A4F0822273613002E53BC /* AppDelegate.swift */; };
		353A4F0B22273613002E53BC /* GuesserViewController.swift in Sources */ = {isa = PBXBuildFile; fileRef = 353A4F0A22273613002E53BC /* GuesserViewController.swift */; };
		353A4F0D22273613002E53BC /* HistoryViewController.swift in Sources */ = {isa = PBXBuildFile; fileRef = 353A4F0C22273613002E53BC /* HistoryViewController.swift */; };
		353A4F1022273613002E53BC /* Main.storyboard in Resources */ = {isa = PBXBuildFile; fileRef = 353A4F0E22273613002E53BC /* Main.storyboard */; };
		353A4F1222273614002E53BC /* Assets.xcassets in Resources */ = {isa = PBXBuildFile; fileRef = 353A4F1122273614002E53BC /* Assets.xcassets */; };
		353A4F1522273614002E53BC /* LaunchScreen.storyboard in Resources */ = {isa = PBXBuildFile; fileRef = 353A4F1322273614002E53BC /* LaunchScreen.storyboard */; };
		353A4F2022273614002E53BC /* Guesser_AppTests.swift in Sources */ = {isa = PBXBuildFile; fileRef = 353A4F1F22273614002E53BC /* Guesser_AppTests.swift */; };
		353A4F2B22273614002E53BC /* Guesser_AppUITests.swift in Sources */ = {isa = PBXBuildFile; fileRef = 353A4F2A22273614002E53BC /* Guesser_AppUITests.swift */; };
		353A4F39222756C0002E53BC /* Guesser.swift in Sources */ = {isa = PBXBuildFile; fileRef = 353A4F38222756C0002E53BC /* Guesser.swift */; };
		353A4F3B222758B5002E53BC /* StatisticViewContoller.swift in Sources */ = {isa = PBXBuildFile; fileRef = 353A4F3A222758B5002E53BC /* StatisticViewContoller.swift */; };
/* End PBXBuildFile section */

/* Begin PBXContainerItemProxy section */
		353A4F1C22273614002E53BC /* PBXContainerItemProxy */ = {
			isa = PBXContainerItemProxy;
			containerPortal = 353A4EFD22273613002E53BC /* Project object */;
			proxyType = 1;
			remoteGlobalIDString = 353A4F0422273613002E53BC;
			remoteInfo = "Guesser App";
		};
		353A4F2722273614002E53BC /* PBXContainerItemProxy */ = {
			isa = PBXContainerItemProxy;
			containerPortal = 353A4EFD22273613002E53BC /* Project object */;
			proxyType = 1;
			remoteGlobalIDString = 353A4F0422273613002E53BC;
			remoteInfo = "Guesser App";
		};
/* End PBXContainerItemProxy section */

/* Begin PBXFileReference section */
		353A4F0522273613002E53BC /* Guesser App.app */ = {isa = PBXFileReference; explicitFileType = wrapper.application; includeInIndex = 0; path = "Guesser App.app"; sourceTree = BUILT_PRODUCTS_DIR; };
		353A4F0822273613002E53BC /* AppDelegate.swift */ = {isa = PBXFileReference; lastKnownFileType = sourcecode.swift; path = AppDelegate.swift; sourceTree = "<group>"; };
		353A4F0A22273613002E53BC /* GuesserViewController.swift */ = {isa = PBXFileReference; lastKnownFileType = sourcecode.swift; path = GuesserViewController.swift; sourceTree = "<group>"; };
		353A4F0C22273613002E53BC /* HistoryViewController.swift */ = {isa = PBXFileReference; lastKnownFileType = sourcecode.swift; path = HistoryViewController.swift; sourceTree = "<group>"; };
		353A4F0F22273613002E53BC /* Base */ = {isa = PBXFileReference; lastKnownFileType = file.storyboard; name = Base; path = Base.lproj/Main.storyboard; sourceTree = "<group>"; };
		353A4F1122273614002E53BC /* Assets.xcassets */ = {isa = PBXFileReference; lastKnownFileType = folder.assetcatalog; path = Assets.xcassets; sourceTree = "<group>"; };
		353A4F1422273614002E53BC /* Base */ = {isa = PBXFileReference; lastKnownFileType = file.storyboard; name = Base; path = Base.lproj/LaunchScreen.storyboard; sourceTree = "<group>"; };
		353A4F1622273614002E53BC /* Info.plist */ = {isa = PBXFileReference; lastKnownFileType = text.plist.xml; path = Info.plist; sourceTree = "<group>"; };
		353A4F1B22273614002E53BC /* Guesser AppTests.xctest */ = {isa = PBXFileReference; explicitFileType = wrapper.cfbundle; includeInIndex = 0; path = "Guesser AppTests.xctest"; sourceTree = BUILT_PRODUCTS_DIR; };
		353A4F1F22273614002E53BC /* Guesser_AppTests.swift */ = {isa = PBXFileReference; lastKnownFileType = sourcecode.swift; path = Guesser_AppTests.swift; sourceTree = "<group>"; };
		353A4F2122273614002E53BC /* Info.plist */ = {isa = PBXFileReference; lastKnownFileType = text.plist.xml; path = Info.plist; sourceTree = "<group>"; };
		353A4F2622273614002E53BC /* Guesser AppUITests.xctest */ = {isa = PBXFileReference; explicitFileType = wrapper.cfbundle; includeInIndex = 0; path = "Guesser AppUITests.xctest"; sourceTree = BUILT_PRODUCTS_DIR; };
		353A4F2A22273614002E53BC /* Guesser_AppUITests.swift */ = {isa = PBXFileReference; lastKnownFileType = sourcecode.swift; path = Guesser_AppUITests.swift; sourceTree = "<group>"; };
		353A4F2C22273614002E53BC /* Info.plist */ = {isa = PBXFileReference; lastKnownFileType = text.plist.xml; path = Info.plist; sourceTree = "<group>"; };
		353A4F38222756C0002E53BC /* Guesser.swift */ = {isa = PBXFileReference; lastKnownFileType = sourcecode.swift; path = Guesser.swift; sourceTree = "<group>"; };
		353A4F3A222758B5002E53BC /* StatisticViewContoller.swift */ = {isa = PBXFileReference; lastKnownFileType = sourcecode.swift; path = StatisticViewContoller.swift; sourceTree = "<group>"; };
/* End PBXFileReference section */

/* Begin PBXFrameworksBuildPhase section */
		353A4F0222273613002E53BC /* Frameworks */ = {
			isa = PBXFrameworksBuildPhase;
			buildActionMask = 2147483647;
			files = (
			);
			runOnlyForDeploymentPostprocessing = 0;
		};
		353A4F1822273614002E53BC /* Frameworks */ = {
			isa = PBXFrameworksBuildPhase;
			buildActionMask = 2147483647;
			files = (
			);
			runOnlyForDeploymentPostprocessing = 0;
		};
		353A4F2322273614002E53BC /* Frameworks */ = {
			isa = PBXFrameworksBuildPhase;
			buildActionMask = 2147483647;
			files = (
			);
			runOnlyForDeploymentPostprocessing = 0;
		};
/* End PBXFrameworksBuildPhase section */

/* Begin PBXGroup section */
		353A4EFC22273613002E53BC = {
			isa = PBXGroup;
			children = (
				353A4F0722273613002E53BC /* Guesser App */,
				353A4F1E22273614002E53BC /* Guesser AppTests */,
				353A4F2922273614002E53BC /* Guesser AppUITests */,
				353A4F0622273613002E53BC /* Products */,
			);
			sourceTree = "<group>";
		};
		353A4F0622273613002E53BC /* Products */ = {
			isa = PBXGroup;
			children = (
				353A4F0522273613002E53BC /* Guesser App.app */,
				353A4F1B22273614002E53BC /* Guesser AppTests.xctest */,
				353A4F2622273614002E53BC /* Guesser AppUITests.xctest */,
			);
			name = Products;
			sourceTree = "<group>";
		};
		353A4F0722273613002E53BC /* Guesser App */ = {
			isa = PBXGroup;
			children = (
				353A4F0822273613002E53BC /* AppDelegate.swift */,
				353A4F0A22273613002E53BC /* GuesserViewController.swift */,
				353A4F38222756C0002E53BC /* Guesser.swift */,
				353A4F0C22273613002E53BC /* HistoryViewController.swift */,
				353A4F0E22273613002E53BC /* Main.storyboard */,
				353A4F3A222758B5002E53BC /* StatisticViewContoller.swift */,
				353A4F1122273614002E53BC /* Assets.xcassets */,
				353A4F1322273614002E53BC /* LaunchScreen.storyboard */,
				353A4F1622273614002E53BC /* Info.plist */,
			);
			path = "Guesser App";
			sourceTree = "<group>";
		};
		353A4F1E22273614002E53BC /* Guesser AppTests */ = {
			isa = PBXGroup;
			children = (
				353A4F1F22273614002E53BC /* Guesser_AppTests.swift */,
				353A4F2122273614002E53BC /* Info.plist */,
			);
			path = "Guesser AppTests";
			sourceTree = "<group>";
		};
		353A4F2922273614002E53BC /* Guesser AppUITests */ = {
			isa = PBXGroup;
			children = (
				353A4F2A22273614002E53BC /* Guesser_AppUITests.swift */,
				353A4F2C22273614002E53BC /* Info.plist */,
			);
			path = "Guesser AppUITests";
			sourceTree = "<group>";
		};
/* End PBXGroup section */

/* Begin PBXNativeTarget section */
		353A4F0422273613002E53BC /* Guesser App */ = {
			isa = PBXNativeTarget;
			buildConfigurationList = 353A4F2F22273614002E53BC /* Build configuration list for PBXNativeTarget "Guesser App" */;
			buildPhases = (
				353A4F0122273613002E53BC /* Sources */,
				353A4F0222273613002E53BC /* Frameworks */,
				353A4F0322273613002E53BC /* Resources */,
			);
			buildRules = (
			);
			dependencies = (
			);
			name = "Guesser App";
			productName = "Guesser App";
			productReference = 353A4F0522273613002E53BC /* Guesser App.app */;
			productType = "com.apple.product-type.application";
		};
		353A4F1A22273614002E53BC /* Guesser AppTests */ = {
			isa = PBXNativeTarget;
			buildConfigurationList = 353A4F3222273614002E53BC /* Build configuration list for PBXNativeTarget "Guesser AppTests" */;
			buildPhases = (
				353A4F1722273614002E53BC /* Sources */,
				353A4F1822273614002E53BC /* Frameworks */,
				353A4F1922273614002E53BC /* Resources */,
			);
			buildRules = (
			);
			dependencies = (
				353A4F1D22273614002E53BC /* PBXTargetDependency */,
			);
			name = "Guesser AppTests";
			productName = "Guesser AppTests";
			productReference = 353A4F1B22273614002E53BC /* Guesser AppTests.xctest */;
			productType = "com.apple.product-type.bundle.unit-test";
		};
		353A4F2522273614002E53BC /* Guesser AppUITests */ = {
			isa = PBXNativeTarget;
			buildConfigurationList = 353A4F3522273614002E53BC /* Build configuration list for PBXNativeTarget "Guesser AppUITests" */;
			buildPhases = (
				353A4F2222273614002E53BC /* Sources */,
				353A4F2322273614002E53BC /* Frameworks */,
				353A4F2422273614002E53BC /* Resources */,
			);
			buildRules = (
			);
			dependencies = (
				353A4F2822273614002E53BC /* PBXTargetDependency */,
			);
			name = "Guesser AppUITests";
			productName = "Guesser AppUITests";
			productReference = 353A4F2622273614002E53BC /* Guesser AppUITests.xctest */;
			productType = "com.apple.product-type.bundle.ui-testing";
		};
/* End PBXNativeTarget section */

/* Begin PBXProject section */
		353A4EFD22273613002E53BC /* Project object */ = {
			isa = PBXProject;
			attributes = {
				LastSwiftUpdateCheck = 1010;
				LastUpgradeCheck = 1010;
				ORGANIZATIONNAME = "Northwest Missouri state university";
				TargetAttributes = {
					353A4F0422273613002E53BC = {
						CreatedOnToolsVersion = 10.1;
					};
					353A4F1A22273614002E53BC = {
						CreatedOnToolsVersion = 10.1;
						TestTargetID = 353A4F0422273613002E53BC;
					};
					353A4F2522273614002E53BC = {
						CreatedOnToolsVersion = 10.1;
						TestTargetID = 353A4F0422273613002E53BC;
					};
				};
			};
			buildConfigurationList = 353A4F0022273613002E53BC /* Build configuration list for PBXProject "Guesser App" */;
			compatibilityVersion = "Xcode 9.3";
			developmentRegion = en;
			hasScannedForEncodings = 0;
			knownRegions = (
				en,
				Base,
			);
			mainGroup = 353A4EFC22273613002E53BC;
			productRefGroup = 353A4F0622273613002E53BC /* Products */;
			projectDirPath = "";
			projectRoot = "";
			targets = (
				353A4F0422273613002E53BC /* Guesser App */,
				353A4F1A22273614002E53BC /* Guesser AppTests */,
				353A4F2522273614002E53BC /* Guesser AppUITests */,
			);
		};
/* End PBXProject section */

/* Begin PBXResourcesBuildPhase section */
		353A4F0322273613002E53BC /* Resources */ = {
			isa = PBXResourcesBuildPhase;
			buildActionMask = 2147483647;
			files = (
				353A4F1522273614002E53BC /* LaunchScreen.storyboard in Resources */,
				353A4F1222273614002E53BC /* Assets.xcassets in Resources */,
				353A4F1022273613002E53BC /* Main.storyboard in Resources */,
			);
			runOnlyForDeploymentPostprocessing = 0;
		};
		353A4F1922273614002E53BC /* Resources */ = {
			isa = PBXResourcesBuildPhase;
			buildActionMask = 2147483647;
			files = (
			);
			runOnlyForDeploymentPostprocessing = 0;
		};
		353A4F2422273614002E53BC /* Resources */ = {
			isa = PBXResourcesBuildPhase;
			buildActionMask = 2147483647;
			files = (
			);
			runOnlyForDeploymentPostprocessing = 0;
		};
/* End PBXResourcesBuildPhase section */

/* Begin PBXSourcesBuildPhase section */
		353A4F0122273613002E53BC /* Sources */ = {
			isa = PBXSourcesBuildPhase;
			buildActionMask = 2147483647;
			files = (
				353A4F0D22273613002E53BC /* HistoryViewController.swift in Sources */,
				353A4F0922273613002E53BC /* AppDelegate.swift in Sources */,
				353A4F39222756C0002E53BC /* Guesser.swift in Sources */,
				353A4F0B22273613002E53BC /* GuesserViewController.swift in Sources */,
				353A4F3B222758B5002E53BC /* StatisticViewContoller.swift in Sources */,
			);
			runOnlyForDeploymentPostprocessing = 0;
		};
		353A4F1722273614002E53BC /* Sources */ = {
			isa = PBXSourcesBuildPhase;
			buildActionMask = 2147483647;
			files = (
				353A4F2022273614002E53BC /* Guesser_AppTests.swift in Sources */,
			);
			runOnlyForDeploymentPostprocessing = 0;
		};
		353A4F2222273614002E53BC /* Sources */ = {
			isa = PBXSourcesBuildPhase;
			buildActionMask = 2147483647;
			files = (
				353A4F2B22273614002E53BC /* Guesser_AppUITests.swift in Sources */,
			);
			runOnlyForDeploymentPostprocessing = 0;
		};
/* End PBXSourcesBuildPhase section */

/* Begin PBXTargetDependency section */
		353A4F1D22273614002E53BC /* PBXTargetDependency */ = {
			isa = PBXTargetDependency;
			target = 353A4F0422273613002E53BC /* Guesser App */;
			targetProxy = 353A4F1C22273614002E53BC /* PBXContainerItemProxy */;
		};
		353A4F2822273614002E53BC /* PBXTargetDependency */ = {
			isa = PBXTargetDependency;
			target = 353A4F0422273613002E53BC /* Guesser App */;
			targetProxy = 353A4F2722273614002E53BC /* PBXContainerItemProxy */;
		};
/* End PBXTargetDependency section */

/* Begin PBXVariantGroup section */
		353A4F0E22273613002E53BC /* Main.storyboard */ = {
			isa = PBXVariantGroup;
			children = (
				353A4F0F22273613002E53BC /* Base */,
			);
			name = Main.storyboard;
			sourceTree = "<group>";
		};
		353A4F1322273614002E53BC /* LaunchScreen.storyboard */ = {
			isa = PBXVariantGroup;
			children = (
				353A4F1422273614002E53BC /* Base */,
			);
			name = LaunchScreen.storyboard;
			sourceTree = "<group>";
		};
/* End PBXVariantGroup section */

/* Begin XCBuildConfiguration section */
		353A4F2D22273614002E53BC /* Debug */ = {
			isa = XCBuildConfiguration;
			buildSettings = {
				ALWAYS_SEARCH_USER_PATHS = NO;
				CLANG_ANALYZER_NONNULL = YES;
				CLANG_ANALYZER_NUMBER_OBJECT_CONVERSION = YES_AGGRESSIVE;
				CLANG_CXX_LANGUAGE_STANDARD = "gnu++14";
				CLANG_CXX_LIBRARY = "libc++";
				CLANG_ENABLE_MODULES = YES;
				CLANG_ENABLE_OBJC_ARC = YES;
				CLANG_ENABLE_OBJC_WEAK = YES;
				CLANG_WARN_BLOCK_CAPTURE_AUTORELEASING = YES;
				CLANG_WARN_BOOL_CONVERSION = YES;
				CLANG_WARN_COMMA = YES;
				CLANG_WARN_CONSTANT_CONVERSION = YES;
				CLANG_WARN_DEPRECATED_OBJC_IMPLEMENTATIONS = YES;
				CLANG_WARN_DIRECT_OBJC_ISA_USAGE = YES_ERROR;
				CLANG_WARN_DOCUMENTATION_COMMENTS = YES;
				CLANG_WARN_EMPTY_BODY = YES;
				CLANG_WARN_ENUM_CONVERSION = YES;
				CLANG_WARN_INFINITE_RECURSION = YES;
				CLANG_WARN_INT_CONVERSION = YES;
				CLANG_WARN_NON_LITERAL_NULL_CONVERSION = YES;
				CLANG_WARN_OBJC_IMPLICIT_RETAIN_SELF = YES;
				CLANG_WARN_OBJC_LITERAL_CONVERSION = YES;
				CLANG_WARN_OBJC_ROOT_CLASS = YES_ERROR;
				CLANG_WARN_RANGE_LOOP_ANALYSIS = YES;
				CLANG_WARN_STRICT_PROTOTYPES = YES;
				CLANG_WARN_SUSPICIOUS_MOVE = YES;
				CLANG_WARN_UNGUARDED_AVAILABILITY = YES_AGGRESSIVE;
				CLANG_WARN_UNREACHABLE_CODE = YES;
				CLANG_WARN__DUPLICATE_METHOD_MATCH = YES;
				CODE_SIGN_IDENTITY = "iPhone Developer";
				COPY_PHASE_STRIP = NO;
				DEBUG_INFORMATION_FORMAT = dwarf;
				ENABLE_STRICT_OBJC_MSGSEND = YES;
				ENABLE_TESTABILITY = YES;
				GCC_C_LANGUAGE_STANDARD = gnu11;
				GCC_DYNAMIC_NO_PIC = NO;
				GCC_NO_COMMON_BLOCKS = YES;
				GCC_OPTIMIZATION_LEVEL = 0;
				GCC_PREPROCESSOR_DEFINITIONS = (
					"DEBUG=1",
					"$(inherited)",
				);
				GCC_WARN_64_TO_32_BIT_CONVERSION = YES;
				GCC_WARN_ABOUT_RETURN_TYPE = YES_ERROR;
				GCC_WARN_UNDECLARED_SELECTOR = YES;
				GCC_WARN_UNINITIALIZED_AUTOS = YES_AGGRESSIVE;
				GCC_WARN_UNUSED_FUNCTION = YES;
				GCC_WARN_UNUSED_VARIABLE = YES;
				IPHONEOS_DEPLOYMENT_TARGET = 12.1;
				MTL_ENABLE_DEBUG_INFO = INCLUDE_SOURCE;
				MTL_FAST_MATH = YES;
				ONLY_ACTIVE_ARCH = YES;
				SDKROOT = iphoneos;
				SWIFT_ACTIVE_COMPILATION_CONDITIONS = DEBUG;
				SWIFT_OPTIMIZATION_LEVEL = "-Onone";
			};
			name = Debug;
		};
		353A4F2E22273614002E53BC /* Release */ = {
			isa = XCBuildConfiguration;
			buildSettings = {
				ALWAYS_SEARCH_USER_PATHS = NO;
				CLANG_ANALYZER_NONNULL = YES;
				CLANG_ANALYZER_NUMBER_OBJECT_CONVERSION = YES_AGGRESSIVE;
				CLANG_CXX_LANGUAGE_STANDARD = "gnu++14";
				CLANG_CXX_LIBRARY = "libc++";
				CLANG_ENABLE_MODULES = YES;
				CLANG_ENABLE_OBJC_ARC = YES;
				CLANG_ENABLE_OBJC_WEAK = YES;
				CLANG_WARN_BLOCK_CAPTURE_AUTORELEASING = YES;
				CLANG_WARN_BOOL_CONVERSION = YES;
				CLANG_WARN_COMMA = YES;
				CLANG_WARN_CONSTANT_CONVERSION = YES;
				CLANG_WARN_DEPRECATED_OBJC_IMPLEMENTATIONS = YES;
				CLANG_WARN_DIRECT_OBJC_ISA_USAGE = YES_ERROR;
				CLANG_WARN_DOCUMENTATION_COMMENTS = YES;
				CLANG_WARN_EMPTY_BODY = YES;
				CLANG_WARN_ENUM_CONVERSION = YES;
				CLANG_WARN_INFINITE_RECURSION = YES;
				CLANG_WARN_INT_CONVERSION = YES;
				CLANG_WARN_NON_LITERAL_NULL_CONVERSION = YES;
				CLANG_WARN_OBJC_IMPLICIT_RETAIN_SELF = YES;
				CLANG_WARN_OBJC_LITERAL_CONVERSION = YES;
				CLANG_WARN_OBJC_ROOT_CLASS = YES_ERROR;
				CLANG_WARN_RANGE_LOOP_ANALYSIS = YES;
				CLANG_WARN_STRICT_PROTOTYPES = YES;
				CLANG_WARN_SUSPICIOUS_MOVE = YES;
				CLANG_WARN_UNGUARDED_AVAILABILITY = YES_AGGRESSIVE;
				CLANG_WARN_UNREACHABLE_CODE = YES;
				CLANG_WARN__DUPLICATE_METHOD_MATCH = YES;
				CODE_SIGN_IDENTITY = "iPhone Developer";
				COPY_PHASE_STRIP = NO;
				DEBUG_INFORMATION_FORMAT = "dwarf-with-dsym";
				ENABLE_NS_ASSERTIONS = NO;
				ENABLE_STRICT_OBJC_MSGSEND = YES;
				GCC_C_LANGUAGE_STANDARD = gnu11;
				GCC_NO_COMMON_BLOCKS = YES;
				GCC_WARN_64_TO_32_BIT_CONVERSION = YES;
				GCC_WARN_ABOUT_RETURN_TYPE = YES_ERROR;
				GCC_WARN_UNDECLARED_SELECTOR = YES;
				GCC_WARN_UNINITIALIZED_AUTOS = YES_AGGRESSIVE;
				GCC_WARN_UNUSED_FUNCTION = YES;
				GCC_WARN_UNUSED_VARIABLE = YES;
				IPHONEOS_DEPLOYMENT_TARGET = 12.1;
				MTL_ENABLE_DEBUG_INFO = NO;
				MTL_FAST_MATH = YES;
				SDKROOT = iphoneos;
				SWIFT_COMPILATION_MODE = wholemodule;
				SWIFT_OPTIMIZATION_LEVEL = "-O";
				VALIDATE_PRODUCT = YES;
			};
			name = Release;
		};
		353A4F3022273614002E53BC /* Debug */ = {
			isa = XCBuildConfiguration;
			buildSettings = {
				ASSETCATALOG_COMPILER_APPICON_NAME = AppIcon;
				CODE_SIGN_STYLE = Automatic;
				INFOPLIST_FILE = "Guesser App/Info.plist";
				LD_RUNPATH_SEARCH_PATHS = (
					"$(inherited)",
					"@executable_path/Frameworks",
				);
				PRODUCT_BUNDLE_IDENTIFIER = "Northwest-Missouri-State-University.Guesser-App";
				PRODUCT_NAME = "$(TARGET_NAME)";
				SWIFT_VERSION = 4.2;
				TARGETED_DEVICE_FAMILY = "1,2";
			};
			name = Debug;
		};
		353A4F3122273614002E53BC /* Release */ = {
			isa = XCBuildConfiguration;
			buildSettings = {
				ASSETCATALOG_COMPILER_APPICON_NAME = AppIcon;
				CODE_SIGN_STYLE = Automatic;
				INFOPLIST_FILE = "Guesser App/Info.plist";
				LD_RUNPATH_SEARCH_PATHS = (
					"$(inherited)",
					"@executable_path/Frameworks",
				);
				PRODUCT_BUNDLE_IDENTIFIER = "Northwest-Missouri-State-University.Guesser-App";
				PRODUCT_NAME = "$(TARGET_NAME)";
				SWIFT_VERSION = 4.2;
				TARGETED_DEVICE_FAMILY = "1,2";
			};
			name = Release;
		};
		353A4F3322273614002E53BC /* Debug */ = {
			isa = XCBuildConfiguration;
			buildSettings = {
				ALWAYS_EMBED_SWIFT_STANDARD_LIBRARIES = YES;
				BUNDLE_LOADER = "$(TEST_HOST)";
				CODE_SIGN_STYLE = Automatic;
				INFOPLIST_FILE = "Guesser AppTests/Info.plist";
				LD_RUNPATH_SEARCH_PATHS = (
					"$(inherited)",
					"@executable_path/Frameworks",
					"@loader_path/Frameworks",
				);
				PRODUCT_BUNDLE_IDENTIFIER = "Northwest-Missouri-State-University.Guesser-AppTests";
				PRODUCT_NAME = "$(TARGET_NAME)";
				SWIFT_VERSION = 4.2;
				TARGETED_DEVICE_FAMILY = "1,2";
				TEST_HOST = "$(BUILT_PRODUCTS_DIR)/Guesser App.app/Guesser App";
			};
			name = Debug;
		};
		353A4F3422273614002E53BC /* Release */ = {
			isa = XCBuildConfiguration;
			buildSettings = {
				ALWAYS_EMBED_SWIFT_STANDARD_LIBRARIES = YES;
				BUNDLE_LOADER = "$(TEST_HOST)";
				CODE_SIGN_STYLE = Automatic;
				INFOPLIST_FILE = "Guesser AppTests/Info.plist";
				LD_RUNPATH_SEARCH_PATHS = (
					"$(inherited)",
					"@executable_path/Frameworks",
					"@loader_path/Frameworks",
				);
				PRODUCT_BUNDLE_IDENTIFIER = "Northwest-Missouri-State-University.Guesser-AppTests";
				PRODUCT_NAME = "$(TARGET_NAME)";
				SWIFT_VERSION = 4.2;
				TARGETED_DEVICE_FAMILY = "1,2";
				TEST_HOST = "$(BUILT_PRODUCTS_DIR)/Guesser App.app/Guesser App";
			};
			name = Release;
		};
		353A4F3622273614002E53BC /* Debug */ = {
			isa = XCBuildConfiguration;
			buildSettings = {
				ALWAYS_EMBED_SWIFT_STANDARD_LIBRARIES = YES;
				CODE_SIGN_STYLE = Automatic;
				INFOPLIST_FILE = "Guesser AppUITests/Info.plist";
				LD_RUNPATH_SEARCH_PATHS = (
					"$(inherited)",
					"@executable_path/Frameworks",
					"@loader_path/Frameworks",
				);
				PRODUCT_BUNDLE_IDENTIFIER = "Northwest-Missouri-State-University.Guesser-AppUITests";
				PRODUCT_NAME = "$(TARGET_NAME)";
				SWIFT_VERSION = 4.2;
				TARGETED_DEVICE_FAMILY = "1,2";
				TEST_TARGET_NAME = "Guesser App";
			};
			name = Debug;
		};
		353A4F3722273614002E53BC /* Release */ = {
			isa = XCBuildConfiguration;
			buildSettings = {
				ALWAYS_EMBED_SWIFT_STANDARD_LIBRARIES = YES;
				CODE_SIGN_STYLE = Automatic;
				INFOPLIST_FILE = "Guesser AppUITests/Info.plist";
				LD_RUNPATH_SEARCH_PATHS = (
					"$(inherited)",
					"@executable_path/Frameworks",
					"@loader_path/Frameworks",
				);
				PRODUCT_BUNDLE_IDENTIFIER = "Northwest-Missouri-State-University.Guesser-AppUITests";
				PRODUCT_NAME = "$(TARGET_NAME)";
				SWIFT_VERSION = 4.2;
				TARGETED_DEVICE_FAMILY = "1,2";
				TEST_TARGET_NAME = "Guesser App";
			};
			name = Release;
		};
/* End XCBuildConfiguration section */

/* Begin XCConfigurationList section */
		353A4F0022273613002E53BC /* Build configuration list for PBXProject "Guesser App" */ = {
			isa = XCConfigurationList;
			buildConfigurations = (
				353A4F2D22273614002E53BC /* Debug */,
				353A4F2E22273614002E53BC /* Release */,
			);
			defaultConfigurationIsVisible = 0;
			defaultConfigurationName = Release;
		};
		353A4F2F22273614002E53BC /* Build configuration list for PBXNativeTarget "Guesser App" */ = {
			isa = XCConfigurationList;
			buildConfigurations = (
				353A4F3022273614002E53BC /* Debug */,
				353A4F3122273614002E53BC /* Release */,
			);
			defaultConfigurationIsVisible = 0;
			defaultConfigurationName = Release;
		};
		353A4F3222273614002E53BC /* Build configuration list for PBXNativeTarget "Guesser AppTests" */ = {
			isa = XCConfigurationList;
			buildConfigurations = (
				353A4F3322273614002E53BC /* Debug */,
				353A4F3422273614002E53BC /* Release */,
			);
			defaultConfigurationIsVisible = 0;
			defaultConfigurationName = Release;
		};
		353A4F3522273614002E53BC /* Build configuration list for PBXNativeTarget "Guesser AppUITests" */ = {
			isa = XCConfigurationList;
			buildConfigurations = (
				353A4F3622273614002E53BC /* Debug */,
				353A4F3722273614002E53BC /* Release */,
			);
			defaultConfigurationIsVisible = 0;
			defaultConfigurationName = Release;
		};
/* End XCConfigurationList section */
	};
	rootObject = 353A4EFD22273613002E53BC /* Project object */;
}
